{
  "requires": true,
  "lockfileVersion": 1,
  "dependencies": {
    "csv-parse": {
      "version": "4.14.0",
      "resolved": "https://registry.npmjs.org/csv-parse/-/csv-parse-4.14.0.tgz",
      "integrity": "sha512-Mh6JEKAD4/scRM7jbQ5FbhuHbAVp+FN27S6PMF5ILuR7ofclfR0Fj6YmutFMXVgaNk/4GTy9bkmV8SMzwsv45Q=="
    },
    "detect-libc": {
      "version": "1.0.3",
      "resolved": "https://registry.npmjs.org/detect-libc/-/detect-libc-1.0.3.tgz",
      "integrity": "sha1-+hN8S9aY7fVc1c0CrFWfkaTEups="
    },
    "fibers": {
      "version": "5.0.0",
      "resolved": "https://registry.npmjs.org/fibers/-/fibers-5.0.0.tgz",
      "integrity": "sha512-UpGv/YAZp7mhKHxDvC1tColrroGRX90sSvh8RMZV9leo+e5+EkRVgCEZPlmXeo3BUNQTZxUaVdLskq1Q2FyCPg==",
      "requires": {
        "detect-libc": "^1.0.3"
      }
    },
    "fs": {
      "version": "0.0.1-security",
      "resolved": "https://registry.npmjs.org/fs/-/fs-0.0.1-security.tgz",
      "integrity": "sha1-invTcYa23d84E/I4WLV+yq9eQdQ="
    },
    "lib": {
      "version": "4.3.0",
      "resolved": "https://registry.npmjs.org/lib/-/lib-4.3.0.tgz",
      "integrity": "sha512-1UtjFNb8MJzJNcIffffOJQPjAaCX8wJALpfvKBQmeWWDG39C9m9ikv0BIniLcXB8izWeOY7hmrjQqbFL4AHoTw=="
    },
    "node-fetch": {
      "version": "2.6.1",
      "resolved": "https://registry.npmjs.org/node-fetch/-/node-fetch-2.6.1.tgz",
      "integrity": "sha512-V4aYg89jEoVRxRb2fJdAg8FHvI7cEyYdVAh94HH0UIK8oJxUfkjlDQN9RbMx+bEjP7+ggMiFRprSti032Oipxw=="
    },
    "sync": {
      "version": "0.2.5",
      "resolved": "https://registry.npmjs.org/sync/-/sync-0.2.5.tgz",
      "integrity": "sha1-ORC7m2ar7lZULi5w8M5UkDElLfY=",
      "requires": {
        "fibers": ">=0.6"
      }
    }
  }
}
